{
  "name": "action",
  "version": "1.0.0",
  "lockfileVersion": 1,
  "requires": true,
  "dependencies": {
    "mmp-action-sheet": {
      "version": "1.0.1",
      "resolved": "https://registry.npmjs.org/mmp-action-sheet/-/mmp-action-sheet-1.0.1.tgz",
      "integrity": "sha512-F7UuusXMxVSYuoetHEGWfIdUNdXL6ieghDL9xiIY5OomIG3herd9yoxfRQZKPVvCvPsPFt9GqQdiFGtKZSX2Qg=="
    }
  }
}
